
Microsoft Visual Studio Solution File, Format Version 12.00
# Visual Studio Version 17
VisualStudioVersion = 17.5.002.0
MinimumVisualStudioVersion = 10.0.40219.1
Project("{9A19103F-16F7-4668-BE54-9A1E7A4F7556}") = "MovieRecommendationWeb", "MovieRecommendationWeb.csproj", "{D00EED52-6664-476A-9398-B8832BEC965B}"
EndProject
Global
	GlobalSection(SolutionConfigurationPlatforms) = preSolution
		Debug|Any CPU = Debug|Any CPU
		Release|Any CPU = Release|Any CPU
	EndGlobalSection
	GlobalSection(ProjectConfigurationPlatforms) = postSolution
		{D00EED52-6664-476A-9398-B8832BEC965B}.Debug|Any CPU.ActiveCfg = Debug|Any CPU
		{D00EED52-6664-476A-9398-B8832BEC965B}.Debug|Any CPU.Build.0 = Debug|Any CPU
		{D00EED52-6664-476A-9398-B8832BEC965B}.Release|Any CPU.ActiveCfg = Release|Any CPU
		{D00EED52-6664-476A-9398-B8832BEC965B}.Release|Any CPU.Build.0 = Release|Any CPU
	EndGlobalSection
	GlobalSection(SolutionProperties) = preSolution
		HideSolutionNode = FALSE
	EndGlobalSection
	GlobalSection(ExtensibilityGlobals) = postSolution
		SolutionGuid = {8A2F455F-291B-4058-9C9B-E6855D642276}
	EndGlobalSection
EndGlobal
